
Microsoft Visual Studio Solution File, Format Version 12.00
# Visual Studio Version 16
VisualStudioVersion = 16.0.30804.86
MinimumVisualStudioVersion = 10.0.40219.1
Project("{9A19103F-16F7-4668-BE54-9A1E7A4F7556}") = "BusinessLayer", "BusinessLayer\BusinessLayer.csproj", "{D6EEEC77-8C77-48FD-BA1A-CF9D36E0FB1A}"
EndProject
Project("{9A19103F-16F7-4668-BE54-9A1E7A4F7556}") = "XUnitTestProject", "XUnitTestProject\XUnitTestProject.csproj", "{0ECAA8C7-2F14-4E15-8613-7F79040267A4}"
	ProjectSection(ProjectDependencies) = postProject
		{D6EEEC77-8C77-48FD-BA1A-CF9D36E0FB1A} = {D6EEEC77-8C77-48FD-BA1A-CF9D36E0FB1A}
	EndProjectSection
EndProject
Project("{9A19103F-16F7-4668-BE54-9A1E7A4F7556}") = "AppCreditImmo", "AppCreditImmo\AppCreditImmo.csproj", "{415269CE-0FA3-49E8-AEB8-E9D73035E381}"
	ProjectSection(ProjectDependencies) = postProject
		{D6EEEC77-8C77-48FD-BA1A-CF9D36E0FB1A} = {D6EEEC77-8C77-48FD-BA1A-CF9D36E0FB1A}
	EndProjectSection
EndProject
Global
	GlobalSection(SolutionConfigurationPlatforms) = preSolution
		Debug|Any CPU = Debug|Any CPU
		Release|Any CPU = Release|Any CPU
	EndGlobalSection
	GlobalSection(ProjectConfigurationPlatforms) = postSolution
		{D6EEEC77-8C77-48FD-BA1A-CF9D36E0FB1A}.Debug|Any CPU.ActiveCfg = Debug|Any CPU
		{D6EEEC77-8C77-48FD-BA1A-CF9D36E0FB1A}.Debug|Any CPU.Build.0 = Debug|Any CPU
		{D6EEEC77-8C77-48FD-BA1A-CF9D36E0FB1A}.Release|Any CPU.ActiveCfg = Release|Any CPU
		{D6EEEC77-8C77-48FD-BA1A-CF9D36E0FB1A}.Release|Any CPU.Build.0 = Release|Any CPU
		{0ECAA8C7-2F14-4E15-8613-7F79040267A4}.Debug|Any CPU.ActiveCfg = Debug|Any CPU
		{0ECAA8C7-2F14-4E15-8613-7F79040267A4}.Debug|Any CPU.Build.0 = Debug|Any CPU
		{0ECAA8C7-2F14-4E15-8613-7F79040267A4}.Release|Any CPU.ActiveCfg = Release|Any CPU
		{0ECAA8C7-2F14-4E15-8613-7F79040267A4}.Release|Any CPU.Build.0 = Release|Any CPU
		{415269CE-0FA3-49E8-AEB8-E9D73035E381}.Debug|Any CPU.ActiveCfg = Debug|Any CPU
		{415269CE-0FA3-49E8-AEB8-E9D73035E381}.Debug|Any CPU.Build.0 = Debug|Any CPU
		{415269CE-0FA3-49E8-AEB8-E9D73035E381}.Release|Any CPU.ActiveCfg = Release|Any CPU
		{415269CE-0FA3-49E8-AEB8-E9D73035E381}.Release|Any CPU.Build.0 = Release|Any CPU
	EndGlobalSection
	GlobalSection(SolutionProperties) = preSolution
		HideSolutionNode = FALSE
	EndGlobalSection
	GlobalSection(ExtensibilityGlobals) = postSolution
		SolutionGuid = {9D922D27-9F0E-42FA-8CFF-6A7251C1A042}
	EndGlobalSection
EndGlobal
